
Microsoft Visual Studio Solution File, Format Version 12.00
# Visual Studio Version 17
VisualStudioVersion = 17.8.34309.116
MinimumVisualStudioVersion = 10.0.40219.1
Project("{AFE8DA8E-4CC7-4826-A58F-1224759CDA81}") = "FreeManager", "FreeManager\FreeManager.csproj", "{D0A5BAF6-EE03-4E3C-BFBE-6B96FCA5B938}"
EndProject
Project("{AFE8DA8E-4CC7-4826-A58F-1224759CDA81}") = "FreeManager.Client", "FreeManager.Client\FreeManager.Client.csproj", "{B140B081-4151-4C2B-A052-95508CA01FC8}"
EndProject
Project("{AFE8DA8E-4CC7-4826-A58F-1224759CDA81}") = "FreeManager.DataAccess", "FreeManager.DataAccess\FreeManager.DataAccess.csproj", "{2710DE03-A96A-4C4A-A573-80A9CDA1DD7D}"
EndProject
Project("{AFE8DA8E-4CC7-4826-A58F-1224759CDA81}") = "FreeManager.DataObjects", "FreeManager.DataObjects\FreeManager.DataObjects.csproj", "{BA5E8B06-17AB-457F-9A9F-EF3A77088DD3}"
EndProject
Project("{AFE8DA8E-4CC7-4826-A58F-1224759CDA81}") = "FreeManager.EFModels", "FreeManager.EFModels\FreeManager.EFModels.csproj", "{4B6A212E-BB2A-4C92-BD0C-E09C598AB157}"
EndProject
Project("{2150E333-8FDC-42A3-9474-1A3956D46DE8}") = "Solution Items", "Solution Items", "{354BA5BB-DD44-4ACC-9958-7206F10261E7}"
	ProjectSection(SolutionItems) = preProject
		.editorconfig = .editorconfig
		.gitignore = .gitignore
		LICENSE = LICENSE
		README.md = README.md
		Remove Modules from FreeFreeManager.exe = Remove Modules from FreeFreeManager.exe
		Rename FreeFreeManager.exe = Rename FreeFreeManager.exe
	EndProjectSection
EndProject
Project("{AFE8DA8E-4CC7-4826-A58F-1224759CDA81}") = "FreeManager.Plugins", "FreeManager.Plugins\FreeManager.Plugins.csproj", "{41DDECDE-CCCC-4CC5-BF22-4FAF97A66D99}"
EndProject
Global
	GlobalSection(SolutionConfigurationPlatforms) = preSolution
		Debug|Any CPU = Debug|Any CPU
		Release|Any CPU = Release|Any CPU
	EndGlobalSection
	GlobalSection(ProjectConfigurationPlatforms) = postSolution
		{D0A5BAF6-EE03-4E3C-BFBE-6B96FCA5B938}.Debug|Any CPU.ActiveCfg = Debug|Any CPU
		{D0A5BAF6-EE03-4E3C-BFBE-6B96FCA5B938}.Debug|Any CPU.Build.0 = Debug|Any CPU
		{D0A5BAF6-EE03-4E3C-BFBE-6B96FCA5B938}.Release|Any CPU.ActiveCfg = Release|Any CPU
		{D0A5BAF6-EE03-4E3C-BFBE-6B96FCA5B938}.Release|Any CPU.Build.0 = Release|Any CPU
		{B140B081-4151-4C2B-A052-95508CA01FC8}.Debug|Any CPU.ActiveCfg = Debug|Any CPU
		{B140B081-4151-4C2B-A052-95508CA01FC8}.Debug|Any CPU.Build.0 = Debug|Any CPU
		{B140B081-4151-4C2B-A052-95508CA01FC8}.Release|Any CPU.ActiveCfg = Release|Any CPU
		{B140B081-4151-4C2B-A052-95508CA01FC8}.Release|Any CPU.Build.0 = Release|Any CPU
		{2710DE03-A96A-4C4A-A573-80A9CDA1DD7D}.Debug|Any CPU.ActiveCfg = Debug|Any CPU
		{2710DE03-A96A-4C4A-A573-80A9CDA1DD7D}.Debug|Any CPU.Build.0 = Debug|Any CPU
		{2710DE03-A96A-4C4A-A573-80A9CDA1DD7D}.Release|Any CPU.ActiveCfg = Release|Any CPU
		{2710DE03-A96A-4C4A-A573-80A9CDA1DD7D}.Release|Any CPU.Build.0 = Release|Any CPU
		{BA5E8B06-17AB-457F-9A9F-EF3A77088DD3}.Debug|Any CPU.ActiveCfg = Debug|Any CPU
		{BA5E8B06-17AB-457F-9A9F-EF3A77088DD3}.Debug|Any CPU.Build.0 = Debug|Any CPU
		{BA5E8B06-17AB-457F-9A9F-EF3A77088DD3}.Release|Any CPU.ActiveCfg = Release|Any CPU
		{BA5E8B06-17AB-457F-9A9F-EF3A77088DD3}.Release|Any CPU.Build.0 = Release|Any CPU
		{4B6A212E-BB2A-4C92-BD0C-E09C598AB157}.Debug|Any CPU.ActiveCfg = Debug|Any CPU
		{4B6A212E-BB2A-4C92-BD0C-E09C598AB157}.Debug|Any CPU.Build.0 = Debug|Any CPU
		{4B6A212E-BB2A-4C92-BD0C-E09C598AB157}.Release|Any CPU.ActiveCfg = Release|Any CPU
		{4B6A212E-BB2A-4C92-BD0C-E09C598AB157}.Release|Any CPU.Build.0 = Release|Any CPU
		{41DDECDE-CCCC-4CC5-BF22-4FAF97A66D99}.Debug|Any CPU.ActiveCfg = Debug|Any CPU
		{41DDECDE-CCCC-4CC5-BF22-4FAF97A66D99}.Debug|Any CPU.Build.0 = Debug|Any CPU
		{41DDECDE-CCCC-4CC5-BF22-4FAF97A66D99}.Release|Any CPU.ActiveCfg = Release|Any CPU
		{41DDECDE-CCCC-4CC5-BF22-4FAF97A66D99}.Release|Any CPU.Build.0 = Release|Any CPU
	EndGlobalSection
	GlobalSection(SolutionProperties) = preSolution
		HideSolutionNode = FALSE
	EndGlobalSection
	GlobalSection(ExtensibilityGlobals) = postSolution
		SolutionGuid = {C4A59AD0-92A7-475D-A3BC-51E982A9C0FA}
	EndGlobalSection
EndGlobal
