
Microsoft Visual Studio Solution File, Format Version 12.00
# Visual Studio Version 17
VisualStudioVersion = 17.8.34309.116
MinimumVisualStudioVersion = 10.0.40219.1
Project("{6FA591B9-452A-4D3A-8C96-EF4CFC9F93BC}") = "FreeManager", "FreeManager\FreeManager.csproj", "{4733394F-388F-4562-AF02-A2CA53EB3329}"
EndProject
Project("{6FA591B9-452A-4D3A-8C96-EF4CFC9F93BC}") = "FreeManager.Client", "FreeManager.Client\FreeManager.Client.csproj", "{66CBD59B-FAAF-4CB2-950B-94E603041EC1}"
EndProject
Project("{6FA591B9-452A-4D3A-8C96-EF4CFC9F93BC}") = "FreeManager.DataAccess", "FreeManager.DataAccess\FreeManager.DataAccess.csproj", "{3F6DD842-EB5B-4226-8A57-A92D6E438A7F}"
EndProject
Project("{6FA591B9-452A-4D3A-8C96-EF4CFC9F93BC}") = "FreeManager.DataObjects", "FreeManager.DataObjects\FreeManager.DataObjects.csproj", "{F7317939-7B63-4776-AF42-3E082CF74770}"
EndProject
Project("{6FA591B9-452A-4D3A-8C96-EF4CFC9F93BC}") = "FreeManager.EFModels", "FreeManager.EFModels\FreeManager.EFModels.csproj", "{18020C32-417A-4218-AF60-C7DC1D20C76B}"
EndProject
Project("{2150E333-8FDC-42A3-9474-1A3956D46DE8}") = "Solution Items", "Solution Items", "{E88D5D52-FF78-4CE9-908B-AAD34CE2D75F}"
	ProjectSection(SolutionItems) = preProject
		.editorconfig = .editorconfig
		.gitignore = .gitignore
		LICENSE = LICENSE
		README.md = README.md
		Remove Modules from FreeFreeManager.exe = Remove Modules from FreeFreeManager.exe
		Rename FreeFreeManager.exe = Rename FreeFreeManager.exe
	EndProjectSection
EndProject
Project("{6FA591B9-452A-4D3A-8C96-EF4CFC9F93BC}") = "FreeManager.Plugins", "FreeManager.Plugins\FreeManager.Plugins.csproj", "{BBD4DF1A-A765-415B-A799-EA4EB53C7FCC}"
EndProject
Global
	GlobalSection(SolutionConfigurationPlatforms) = preSolution
		Debug|Any CPU = Debug|Any CPU
		Release|Any CPU = Release|Any CPU
	EndGlobalSection
	GlobalSection(ProjectConfigurationPlatforms) = postSolution
		{4733394F-388F-4562-AF02-A2CA53EB3329}.Debug|Any CPU.ActiveCfg = Debug|Any CPU
		{4733394F-388F-4562-AF02-A2CA53EB3329}.Debug|Any CPU.Build.0 = Debug|Any CPU
		{4733394F-388F-4562-AF02-A2CA53EB3329}.Release|Any CPU.ActiveCfg = Release|Any CPU
		{4733394F-388F-4562-AF02-A2CA53EB3329}.Release|Any CPU.Build.0 = Release|Any CPU
		{66CBD59B-FAAF-4CB2-950B-94E603041EC1}.Debug|Any CPU.ActiveCfg = Debug|Any CPU
		{66CBD59B-FAAF-4CB2-950B-94E603041EC1}.Debug|Any CPU.Build.0 = Debug|Any CPU
		{66CBD59B-FAAF-4CB2-950B-94E603041EC1}.Release|Any CPU.ActiveCfg = Release|Any CPU
		{66CBD59B-FAAF-4CB2-950B-94E603041EC1}.Release|Any CPU.Build.0 = Release|Any CPU
		{3F6DD842-EB5B-4226-8A57-A92D6E438A7F}.Debug|Any CPU.ActiveCfg = Debug|Any CPU
		{3F6DD842-EB5B-4226-8A57-A92D6E438A7F}.Debug|Any CPU.Build.0 = Debug|Any CPU
		{3F6DD842-EB5B-4226-8A57-A92D6E438A7F}.Release|Any CPU.ActiveCfg = Release|Any CPU
		{3F6DD842-EB5B-4226-8A57-A92D6E438A7F}.Release|Any CPU.Build.0 = Release|Any CPU
		{F7317939-7B63-4776-AF42-3E082CF74770}.Debug|Any CPU.ActiveCfg = Debug|Any CPU
		{F7317939-7B63-4776-AF42-3E082CF74770}.Debug|Any CPU.Build.0 = Debug|Any CPU
		{F7317939-7B63-4776-AF42-3E082CF74770}.Release|Any CPU.ActiveCfg = Release|Any CPU
		{F7317939-7B63-4776-AF42-3E082CF74770}.Release|Any CPU.Build.0 = Release|Any CPU
		{18020C32-417A-4218-AF60-C7DC1D20C76B}.Debug|Any CPU.ActiveCfg = Debug|Any CPU
		{18020C32-417A-4218-AF60-C7DC1D20C76B}.Debug|Any CPU.Build.0 = Debug|Any CPU
		{18020C32-417A-4218-AF60-C7DC1D20C76B}.Release|Any CPU.ActiveCfg = Release|Any CPU
		{18020C32-417A-4218-AF60-C7DC1D20C76B}.Release|Any CPU.Build.0 = Release|Any CPU
		{BBD4DF1A-A765-415B-A799-EA4EB53C7FCC}.Debug|Any CPU.ActiveCfg = Debug|Any CPU
		{BBD4DF1A-A765-415B-A799-EA4EB53C7FCC}.Debug|Any CPU.Build.0 = Debug|Any CPU
		{BBD4DF1A-A765-415B-A799-EA4EB53C7FCC}.Release|Any CPU.ActiveCfg = Release|Any CPU
		{BBD4DF1A-A765-415B-A799-EA4EB53C7FCC}.Release|Any CPU.Build.0 = Release|Any CPU
	EndGlobalSection
	GlobalSection(SolutionProperties) = preSolution
		HideSolutionNode = FALSE
	EndGlobalSection
	GlobalSection(ExtensibilityGlobals) = postSolution
		SolutionGuid = {C4A59AD0-92A7-475D-A3BC-51E982A9C0FA}
	EndGlobalSection
EndGlobal
