
Microsoft Visual Studio Solution File, Format Version 12.00
# Visual Studio Version 17
VisualStudioVersion = 17.8.34309.116
MinimumVisualStudioVersion = 10.0.40219.1
Project("{B9229338-FFE2-4D71-8249-E7E61F91470F}") = "FreeManager", "FreeManager\FreeManager.csproj", "{783AECBD-45BE-4B10-920B-4521533CA942}"
EndProject
Project("{B9229338-FFE2-4D71-8249-E7E61F91470F}") = "FreeManager.Client", "FreeManager.Client\FreeManager.Client.csproj", "{DEA32D3E-8C70-4C28-815B-CBE6B3D88224}"
EndProject
Project("{B9229338-FFE2-4D71-8249-E7E61F91470F}") = "FreeManager.DataAccess", "FreeManager.DataAccess\FreeManager.DataAccess.csproj", "{5236ED1F-3652-4960-85D5-689EEDE6D67F}"
EndProject
Project("{B9229338-FFE2-4D71-8249-E7E61F91470F}") = "FreeManager.DataObjects", "FreeManager.DataObjects\FreeManager.DataObjects.csproj", "{DA250D8F-DFBC-42ED-B66B-AEEEA0878690}"
EndProject
Project("{B9229338-FFE2-4D71-8249-E7E61F91470F}") = "FreeManager.EFModels", "FreeManager.EFModels\FreeManager.EFModels.csproj", "{07488E9B-D445-40E7-8870-4C4EC4F2182F}"
EndProject
Project("{2150E333-8FDC-42A3-9474-1A3956D46DE8}") = "Solution Items", "Solution Items", "{EEB49BE7-9483-4650-AFE1-EBE459ACBCC0}"
	ProjectSection(SolutionItems) = preProject
		.editorconfig = .editorconfig
		.gitignore = .gitignore
		LICENSE = LICENSE
		README.md = README.md
		Remove Modules from FreeFreeManager.exe = Remove Modules from FreeFreeManager.exe
		Rename FreeFreeManager.exe = Rename FreeFreeManager.exe
	EndProjectSection
EndProject
Project("{B9229338-FFE2-4D71-8249-E7E61F91470F}") = "FreeManager.Plugins", "FreeManager.Plugins\FreeManager.Plugins.csproj", "{05B7F0AE-0FDD-4359-91B9-29B388BBD980}"
EndProject
Global
	GlobalSection(SolutionConfigurationPlatforms) = preSolution
		Debug|Any CPU = Debug|Any CPU
		Release|Any CPU = Release|Any CPU
	EndGlobalSection
	GlobalSection(ProjectConfigurationPlatforms) = postSolution
		{783AECBD-45BE-4B10-920B-4521533CA942}.Debug|Any CPU.ActiveCfg = Debug|Any CPU
		{783AECBD-45BE-4B10-920B-4521533CA942}.Debug|Any CPU.Build.0 = Debug|Any CPU
		{783AECBD-45BE-4B10-920B-4521533CA942}.Release|Any CPU.ActiveCfg = Release|Any CPU
		{783AECBD-45BE-4B10-920B-4521533CA942}.Release|Any CPU.Build.0 = Release|Any CPU
		{DEA32D3E-8C70-4C28-815B-CBE6B3D88224}.Debug|Any CPU.ActiveCfg = Debug|Any CPU
		{DEA32D3E-8C70-4C28-815B-CBE6B3D88224}.Debug|Any CPU.Build.0 = Debug|Any CPU
		{DEA32D3E-8C70-4C28-815B-CBE6B3D88224}.Release|Any CPU.ActiveCfg = Release|Any CPU
		{DEA32D3E-8C70-4C28-815B-CBE6B3D88224}.Release|Any CPU.Build.0 = Release|Any CPU
		{5236ED1F-3652-4960-85D5-689EEDE6D67F}.Debug|Any CPU.ActiveCfg = Debug|Any CPU
		{5236ED1F-3652-4960-85D5-689EEDE6D67F}.Debug|Any CPU.Build.0 = Debug|Any CPU
		{5236ED1F-3652-4960-85D5-689EEDE6D67F}.Release|Any CPU.ActiveCfg = Release|Any CPU
		{5236ED1F-3652-4960-85D5-689EEDE6D67F}.Release|Any CPU.Build.0 = Release|Any CPU
		{DA250D8F-DFBC-42ED-B66B-AEEEA0878690}.Debug|Any CPU.ActiveCfg = Debug|Any CPU
		{DA250D8F-DFBC-42ED-B66B-AEEEA0878690}.Debug|Any CPU.Build.0 = Debug|Any CPU
		{DA250D8F-DFBC-42ED-B66B-AEEEA0878690}.Release|Any CPU.ActiveCfg = Release|Any CPU
		{DA250D8F-DFBC-42ED-B66B-AEEEA0878690}.Release|Any CPU.Build.0 = Release|Any CPU
		{07488E9B-D445-40E7-8870-4C4EC4F2182F}.Debug|Any CPU.ActiveCfg = Debug|Any CPU
		{07488E9B-D445-40E7-8870-4C4EC4F2182F}.Debug|Any CPU.Build.0 = Debug|Any CPU
		{07488E9B-D445-40E7-8870-4C4EC4F2182F}.Release|Any CPU.ActiveCfg = Release|Any CPU
		{07488E9B-D445-40E7-8870-4C4EC4F2182F}.Release|Any CPU.Build.0 = Release|Any CPU
		{05B7F0AE-0FDD-4359-91B9-29B388BBD980}.Debug|Any CPU.ActiveCfg = Debug|Any CPU
		{05B7F0AE-0FDD-4359-91B9-29B388BBD980}.Debug|Any CPU.Build.0 = Debug|Any CPU
		{05B7F0AE-0FDD-4359-91B9-29B388BBD980}.Release|Any CPU.ActiveCfg = Release|Any CPU
		{05B7F0AE-0FDD-4359-91B9-29B388BBD980}.Release|Any CPU.Build.0 = Release|Any CPU
	EndGlobalSection
	GlobalSection(SolutionProperties) = preSolution
		HideSolutionNode = FALSE
	EndGlobalSection
	GlobalSection(ExtensibilityGlobals) = postSolution
		SolutionGuid = {C4A59AD0-92A7-475D-A3BC-51E982A9C0FA}
	EndGlobalSection
EndGlobal
